
Microsoft Visual Studio Solution File, Format Version 12.00
# Visual Studio 2013
VisualStudioVersion = 12.0.31101.0
MinimumVisualStudioVersion = 10.0.40219.1
Project("{8BC9CEB8-8B4A-11D0-8D11-00A0C91BC942}") = "Direct9", "Direct9\Direct9.vcxproj", "{E8BC3875-97CD-4C04-938B-0BF7927CA83E}"
EndProject
Project("{8BC9CEB8-8B4A-11D0-8D11-00A0C91BC942}") = "Win32", "Win32\Win32.vcxproj", "{64821322-53A4-45B9-8B84-EAC1B0E05E6F}"
EndProject
Project("{8BC9CEB8-8B4A-11D0-8D11-00A0C91BC942}") = "Console", "Console\Console.vcxproj", "{61D92EFF-F003-4BE3-A41F-A8B73A03FB9A}"
EndProject
Project("{8BC9CEB8-8B4A-11D0-8D11-00A0C91BC942}") = "Direct9Console", "Direct9Console\Direct9Console.vcxproj", "{E4B053B2-AC76-4108-9DB0-A759B2B40154}"
EndProject
Global
	GlobalSection(SolutionConfigurationPlatforms) = preSolution
		Debug|Win32 = Debug|Win32
		Release|Win32 = Release|Win32
	EndGlobalSection
	GlobalSection(ProjectConfigurationPlatforms) = postSolution
		{E8BC3875-97CD-4C04-938B-0BF7927CA83E}.Debug|Win32.ActiveCfg = Debug|Win32
		{E8BC3875-97CD-4C04-938B-0BF7927CA83E}.Debug|Win32.Build.0 = Debug|Win32
		{E8BC3875-97CD-4C04-938B-0BF7927CA83E}.Release|Win32.ActiveCfg = Release|Win32
		{E8BC3875-97CD-4C04-938B-0BF7927CA83E}.Release|Win32.Build.0 = Release|Win32
		{64821322-53A4-45B9-8B84-EAC1B0E05E6F}.Debug|Win32.ActiveCfg = Debug|Win32
		{64821322-53A4-45B9-8B84-EAC1B0E05E6F}.Debug|Win32.Build.0 = Debug|Win32
		{64821322-53A4-45B9-8B84-EAC1B0E05E6F}.Release|Win32.ActiveCfg = Release|Win32
		{64821322-53A4-45B9-8B84-EAC1B0E05E6F}.Release|Win32.Build.0 = Release|Win32
		{61D92EFF-F003-4BE3-A41F-A8B73A03FB9A}.Debug|Win32.ActiveCfg = Debug|Win32
		{61D92EFF-F003-4BE3-A41F-A8B73A03FB9A}.Debug|Win32.Build.0 = Debug|Win32
		{61D92EFF-F003-4BE3-A41F-A8B73A03FB9A}.Release|Win32.ActiveCfg = Release|Win32
		{61D92EFF-F003-4BE3-A41F-A8B73A03FB9A}.Release|Win32.Build.0 = Release|Win32
		{E4B053B2-AC76-4108-9DB0-A759B2B40154}.Debug|Win32.ActiveCfg = Debug|Win32
		{E4B053B2-AC76-4108-9DB0-A759B2B40154}.Debug|Win32.Build.0 = Debug|Win32
		{E4B053B2-AC76-4108-9DB0-A759B2B40154}.Release|Win32.ActiveCfg = Release|Win32
		{E4B053B2-AC76-4108-9DB0-A759B2B40154}.Release|Win32.Build.0 = Release|Win32
	EndGlobalSection
	GlobalSection(SolutionProperties) = preSolution
		HideSolutionNode = FALSE
	EndGlobalSection
EndGlobal
